
Microsoft Visual Studio Solution File, Format Version 12.00
# Visual Studio Version 17
VisualStudioVersion = 17.13.35931.197 d17.13
MinimumVisualStudioVersion = 10.0.40219.1
Project("{FAE04EC0-301F-11D3-BF4B-00C04F79EFBC}") = "OverlayKey", "OverlayKey\OverlayKey.csproj", "{4C1421B6-FBDC-4B04-AADF-E3C4A31C44C9}"
EndProject
Global
	GlobalSection(SolutionConfigurationPlatforms) = preSolution
		Debug|Any CPU = Debug|Any CPU
		Release|Any CPU = Release|Any CPU
	EndGlobalSection
	GlobalSection(ProjectConfigurationPlatforms) = postSolution
		{4C1421B6-FBDC-4B04-AADF-E3C4A31C44C9}.Debug|Any CPU.ActiveCfg = Debug|Any CPU
		{4C1421B6-FBDC-4B04-AADF-E3C4A31C44C9}.Debug|Any CPU.Build.0 = Debug|Any CPU
		{4C1421B6-FBDC-4B04-AADF-E3C4A31C44C9}.Release|Any CPU.ActiveCfg = Release|Any CPU
		{4C1421B6-FBDC-4B04-AADF-E3C4A31C44C9}.Release|Any CPU.Build.0 = Release|Any CPU
	EndGlobalSection
	GlobalSection(SolutionProperties) = preSolution
		HideSolutionNode = FALSE
	EndGlobalSection
	GlobalSection(ExtensibilityGlobals) = postSolution
		SolutionGuid = {37453708-B4B6-4799-AD96-39C04755DEFB}
	EndGlobalSection
EndGlobal
